
Microsoft Visual Studio Solution File, Format Version 12.00
Project("{FAE04EC0-301F-11D3-BF4B-00C04F79EFBC}") = "ChangeSharp", "ChangeSharp\ChangeSharp.csproj", "{38821BA3-E66A-422C-802D-17BEFFC6A64E}"
EndProject
Project("{FAE04EC0-301F-11D3-BF4B-00C04F79EFBC}") = "ChangeSharp.Tests", "ChangeSharp.Tests\ChangeSharp.Tests.csproj", "{FF3B36EC-93EE-4864-B1D2-6AF3842FBF34}"
EndProject
Project("{2150E333-8FDC-42A3-9474-1A3956D46DE8}") = "SolutionItems", "SolutionItems", "{55407000-527B-47E3-9A9D-3E498D3DC5C9}"
	ProjectSection(SolutionItems) = preProject
		LICENSE = LICENSE
		.gitignore = .gitignore
	EndProjectSection
EndProject
Project("{FAE04EC0-301F-11D3-BF4B-00C04F79EFBC}") = "ChangeSharp.Cli", "ChangeSharp.Cli\ChangeSharp.Cli.csproj", "{677D1C03-7FC0-4216-B7F0-D013668911CE}"
EndProject
Project("{FAE04EC0-301F-11D3-BF4B-00C04F79EFBC}") = "ChangeSharp.Mcp", "ChangeSharp.Mcp\ChangeSharp.Mcp.csproj", "{61069AB3-1232-4199-ABEB-F5269B3AD9BA}"
EndProject
Global
	GlobalSection(SolutionConfigurationPlatforms) = preSolution
		Debug|Any CPU = Debug|Any CPU
		Debug|x64 = Debug|x64
		Debug|x86 = Debug|x86
		Release|Any CPU = Release|Any CPU
		Release|x64 = Release|x64
		Release|x86 = Release|x86
	EndGlobalSection
	GlobalSection(ProjectConfigurationPlatforms) = postSolution
		{38821BA3-E66A-422C-802D-17BEFFC6A64E}.Debug|Any CPU.ActiveCfg = Debug|Any CPU
		{38821BA3-E66A-422C-802D-17BEFFC6A64E}.Debug|Any CPU.Build.0 = Debug|Any CPU
		{38821BA3-E66A-422C-802D-17BEFFC6A64E}.Debug|x64.ActiveCfg = Debug|Any CPU
		{38821BA3-E66A-422C-802D-17BEFFC6A64E}.Debug|x64.Build.0 = Debug|Any CPU
		{38821BA3-E66A-422C-802D-17BEFFC6A64E}.Debug|x86.ActiveCfg = Debug|Any CPU
		{38821BA3-E66A-422C-802D-17BEFFC6A64E}.Debug|x86.Build.0 = Debug|Any CPU
		{38821BA3-E66A-422C-802D-17BEFFC6A64E}.Release|Any CPU.ActiveCfg = Release|Any CPU
		{38821BA3-E66A-422C-802D-17BEFFC6A64E}.Release|Any CPU.Build.0 = Release|Any CPU
		{38821BA3-E66A-422C-802D-17BEFFC6A64E}.Release|x64.ActiveCfg = Release|Any CPU
		{38821BA3-E66A-422C-802D-17BEFFC6A64E}.Release|x64.Build.0 = Release|Any CPU
		{38821BA3-E66A-422C-802D-17BEFFC6A64E}.Release|x86.ActiveCfg = Release|Any CPU
		{38821BA3-E66A-422C-802D-17BEFFC6A64E}.Release|x86.Build.0 = Release|Any CPU
		{FF3B36EC-93EE-4864-B1D2-6AF3842FBF34}.Debug|Any CPU.ActiveCfg = Debug|Any CPU
		{FF3B36EC-93EE-4864-B1D2-6AF3842FBF34}.Debug|Any CPU.Build.0 = Debug|Any CPU
		{FF3B36EC-93EE-4864-B1D2-6AF3842FBF34}.Debug|x64.ActiveCfg = Debug|Any CPU
		{FF3B36EC-93EE-4864-B1D2-6AF3842FBF34}.Debug|x64.Build.0 = Debug|Any CPU
		{FF3B36EC-93EE-4864-B1D2-6AF3842FBF34}.Debug|x86.ActiveCfg = Debug|Any CPU
		{FF3B36EC-93EE-4864-B1D2-6AF3842FBF34}.Debug|x86.Build.0 = Debug|Any CPU
		{FF3B36EC-93EE-4864-B1D2-6AF3842FBF34}.Release|Any CPU.ActiveCfg = Release|Any CPU
		{FF3B36EC-93EE-4864-B1D2-6AF3842FBF34}.Release|Any CPU.Build.0 = Release|Any CPU
		{FF3B36EC-93EE-4864-B1D2-6AF3842FBF34}.Release|x64.ActiveCfg = Release|Any CPU
		{FF3B36EC-93EE-4864-B1D2-6AF3842FBF34}.Release|x64.Build.0 = Release|Any CPU
		{FF3B36EC-93EE-4864-B1D2-6AF3842FBF34}.Release|x86.ActiveCfg = Release|Any CPU
		{FF3B36EC-93EE-4864-B1D2-6AF3842FBF34}.Release|x86.Build.0 = Release|Any CPU
		{677D1C03-7FC0-4216-B7F0-D013668911CE}.Debug|Any CPU.ActiveCfg = Debug|Any CPU
		{677D1C03-7FC0-4216-B7F0-D013668911CE}.Debug|Any CPU.Build.0 = Debug|Any CPU
		{677D1C03-7FC0-4216-B7F0-D013668911CE}.Debug|x64.ActiveCfg = Debug|Any CPU
		{677D1C03-7FC0-4216-B7F0-D013668911CE}.Debug|x64.Build.0 = Debug|Any CPU
		{677D1C03-7FC0-4216-B7F0-D013668911CE}.Debug|x86.ActiveCfg = Debug|Any CPU
		{677D1C03-7FC0-4216-B7F0-D013668911CE}.Debug|x86.Build.0 = Debug|Any CPU
		{677D1C03-7FC0-4216-B7F0-D013668911CE}.Release|Any CPU.ActiveCfg = Release|Any CPU
		{677D1C03-7FC0-4216-B7F0-D013668911CE}.Release|Any CPU.Build.0 = Release|Any CPU
		{677D1C03-7FC0-4216-B7F0-D013668911CE}.Release|x64.ActiveCfg = Release|Any CPU
		{677D1C03-7FC0-4216-B7F0-D013668911CE}.Release|x64.Build.0 = Release|Any CPU
		{677D1C03-7FC0-4216-B7F0-D013668911CE}.Release|x86.ActiveCfg = Release|Any CPU
		{677D1C03-7FC0-4216-B7F0-D013668911CE}.Release|x86.Build.0 = Release|Any CPU
		{61069AB3-1232-4199-ABEB-F5269B3AD9BA}.Debug|Any CPU.ActiveCfg = Debug|Any CPU
		{61069AB3-1232-4199-ABEB-F5269B3AD9BA}.Debug|Any CPU.Build.0 = Debug|Any CPU
		{61069AB3-1232-4199-ABEB-F5269B3AD9BA}.Debug|x64.ActiveCfg = Debug|Any CPU
		{61069AB3-1232-4199-ABEB-F5269B3AD9BA}.Debug|x64.Build.0 = Debug|Any CPU
		{61069AB3-1232-4199-ABEB-F5269B3AD9BA}.Debug|x86.ActiveCfg = Debug|Any CPU
		{61069AB3-1232-4199-ABEB-F5269B3AD9BA}.Debug|x86.Build.0 = Debug|Any CPU
		{61069AB3-1232-4199-ABEB-F5269B3AD9BA}.Release|Any CPU.ActiveCfg = Release|Any CPU
		{61069AB3-1232-4199-ABEB-F5269B3AD9BA}.Release|Any CPU.Build.0 = Release|Any CPU
		{61069AB3-1232-4199-ABEB-F5269B3AD9BA}.Release|x64.ActiveCfg = Release|Any CPU
		{61069AB3-1232-4199-ABEB-F5269B3AD9BA}.Release|x64.Build.0 = Release|Any CPU
		{61069AB3-1232-4199-ABEB-F5269B3AD9BA}.Release|x86.ActiveCfg = Release|Any CPU
		{61069AB3-1232-4199-ABEB-F5269B3AD9BA}.Release|x86.Build.0 = Release|Any CPU
	EndGlobalSection
	GlobalSection(SolutionProperties) = preSolution
		HideSolutionNode = FALSE
	EndGlobalSection
EndGlobal
